// !$*UTF8*$!
{
	archiveVersion = 1;
	classes = {
	};
	objectVersion = 46;
	objects = {

/* Begin PBXBuildFile section */
		62CFAD6A1AAE8A9C00CFE40B /* AppDelegate.swift in Sources */ = {isa = PBXBuildFile; fileRef = 62CFAD691AAE8A9C00CFE40B /* AppDelegate.swift */; };
		62CFAD6C1AAE8A9C00CFE40B /* ViewController.swift in Sources */ = {isa = PBXBuildFile; fileRef = 62CFAD6B1AAE8A9C00CFE40B /* ViewController.swift */; };
		62CFAD6F1AAE8A9C00CFE40B /* Main.storyboard in Resources */ = {isa = PBXBuildFile; fileRef = 62CFAD6D1AAE8A9C00CFE40B /* Main.storyboard */; };
		62CFAD711AAE8A9C00CFE40B /* Images.xcassets in Resources */ = {isa = PBXBuildFile; fileRef = 62CFAD701AAE8A9C00CFE40B /* Images.xcassets */; };
		62CFAD741AAE8A9C00CFE40B /* LaunchScreen.xib in Resources */ = {isa = PBXBuildFile; fileRef = 62CFAD721AAE8A9C00CFE40B /* LaunchScreen.xib */; };
		62CFAD801AAE8A9C00CFE40B /* Table_viewsTests.swift in Sources */ = {isa = PBXBuildFile; fileRef = 62CFAD7F1AAE8A9C00CFE40B /* Table_viewsTests.swift */; };
/* End PBXBuildFile section */

/* Begin PBXContainerItemProxy section */
		62CFAD7A1AAE8A9C00CFE40B /* PBXContainerItemProxy */ = {
			isa = PBXContainerItemProxy;
			containerPortal = 62CFAD5C1AAE8A9C00CFE40B /* Project object */;
			proxyType = 1;
			remoteGlobalIDString = 62CFAD631AAE8A9C00CFE40B;
			remoteInfo = "Table views";
		};
/* End PBXContainerItemProxy section */

/* Begin PBXFileReference section */
		62CFAD641AAE8A9C00CFE40B /* Table views.app */ = {isa = PBXFileReference; explicitFileType = wrapper.application; includeInIndex = 0; path = "Table views.app"; sourceTree = BUILT_PRODUCTS_DIR; };
		62CFAD681AAE8A9C00CFE40B /* Info.plist */ = {isa = PBXFileReference; lastKnownFileType = text.plist.xml; path = Info.plist; sourceTree = "<group>"; };
		62CFAD691AAE8A9C00CFE40B /* AppDelegate.swift */ = {isa = PBXFileReference; lastKnownFileType = sourcecode.swift; path = AppDelegate.swift; sourceTree = "<group>"; };
		62CFAD6B1AAE8A9C00CFE40B /* ViewController.swift */ = {isa = PBXFileReference; lastKnownFileType = sourcecode.swift; path = ViewController.swift; sourceTree = "<group>"; };
		62CFAD6E1AAE8A9C00CFE40B /* Base */ = {isa = PBXFileReference; lastKnownFileType = file.storyboard; name = Base; path = Base.lproj/Main.storyboard; sourceTree = "<group>"; };
		62CFAD701AAE8A9C00CFE40B /* Images.xcassets */ = {isa = PBXFileReference; lastKnownFileType = folder.assetcatalog; path = Images.xcassets; sourceTree = "<group>"; };
		62CFAD731AAE8A9C00CFE40B /* Base */ = {isa = PBXFileReference; lastKnownFileType = file.xib; name = Base; path = Base.lproj/LaunchScreen.xib; sourceTree = "<group>"; };
		62CFAD791AAE8A9C00CFE40B /* Table viewsTests.xctest */ = {isa = PBXFileReference; explicitFileType = wrapper.cfbundle; includeInIndex = 0; path = "Table viewsTests.xctest"; sourceTree = BUILT_PRODUCTS_DIR; };
		62CFAD7E1AAE8A9C00CFE40B /* Info.plist */ = {isa = PBXFileReference; lastKnownFileType = text.plist.xml; path = Info.plist; sourceTree = "<group>"; };
		62CFAD7F1AAE8A9C00CFE40B /* Table_viewsTests.swift */ = {isa = PBXFileReference; lastKnownFileType = sourcecode.swift; path = Table_viewsTests.swift; sourceTree = "<group>"; };
/* End PBXFileReference section */

/* Begin PBXFrameworksBuildPhase section */
		62CFAD611AAE8A9C00CFE40B /* Frameworks */ = {
			isa = PBXFrameworksBuildPhase;
			buildActionMask = 2147483647;
			files = (
			);
			runOnlyForDeploymentPostprocessing = 0;
		};
		62CFAD761AAE8A9C00CFE40B /* Frameworks */ = {
			isa = PBXFrameworksBuildPhase;
			buildActionMask = 2147483647;
			files = (
			);
			runOnlyForDeploymentPostprocessing = 0;
		};
/* End PBXFrameworksBuildPhase section */

/* Begin PBXGroup section */
		62CFAD5B1AAE8A9C00CFE40B = {
			isa = PBXGroup;
			children = (
				62CFAD661AAE8A9C00CFE40B /* Table views */,
				62CFAD7C1AAE8A9C00CFE40B /* Table viewsTests */,
				62CFAD651AAE8A9C00CFE40B /* Products */,
			);
			sourceTree = "<group>";
		};
		62CFAD651AAE8A9C00CFE40B /* Products */ = {
			isa = PBXGroup;
			children = (
				62CFAD641AAE8A9C00CFE40B /* Table views.app */,
				62CFAD791AAE8A9C00CFE40B /* Table viewsTests.xctest */,
			);
			name = Products;
			sourceTree = "<group>";
		};
		62CFAD661AAE8A9C00CFE40B /* Table views */ = {
			isa = PBXGroup;
			children = (
				62CFAD691AAE8A9C00CFE40B /* AppDelegate.swift */,
				62CFAD6B1AAE8A9C00CFE40B /* ViewController.swift */,
				62CFAD6D1AAE8A9C00CFE40B /* Main.storyboard */,
				62CFAD701AAE8A9C00CFE40B /* Images.xcassets */,
				62CFAD721AAE8A9C00CFE40B /* LaunchScreen.xib */,
				62CFAD671AAE8A9C00CFE40B /* Supporting Files */,
			);
			path = "Table views";
			sourceTree = "<group>";
		};
		62CFAD671AAE8A9C00CFE40B /* Supporting Files */ = {
			isa = PBXGroup;
			children = (
				62CFAD681AAE8A9C00CFE40B /* Info.plist */,
			);
			name = "Supporting Files";
			sourceTree = "<group>";
		};
		62CFAD7C1AAE8A9C00CFE40B /* Table viewsTests */ = {
			isa = PBXGroup;
			children = (
				62CFAD7F1AAE8A9C00CFE40B /* Table_viewsTests.swift */,
				62CFAD7D1AAE8A9C00CFE40B /* Supporting Files */,
			);
			path = "Table viewsTests";
			sourceTree = "<group>";
		};
		62CFAD7D1AAE8A9C00CFE40B /* Supporting Files */ = {
			isa = PBXGroup;
			children = (
				62CFAD7E1AAE8A9C00CFE40B /* Info.plist */,
			);
			name = "Supporting Files";
			sourceTree = "<group>";
		};
/* End PBXGroup section */

/* Begin PBXNativeTarget section */
		62CFAD631AAE8A9C00CFE40B /* Table views */ = {
			isa = PBXNativeTarget;
			buildConfigurationList = 62CFAD831AAE8A9C00CFE40B /* Build configuration list for PBXNativeTarget "Table views" */;
			buildPhases = (
				62CFAD601AAE8A9C00CFE40B /* Sources */,
				62CFAD611AAE8A9C00CFE40B /* Frameworks */,
				62CFAD621AAE8A9C00CFE40B /* Resources */,
			);
			buildRules = (
			);
			dependencies = (
			);
			name = "Table views";
			productName = "Table views";
			productReference = 62CFAD641AAE8A9C00CFE40B /* Table views.app */;
			productType = "com.apple.product-type.application";
		};
		62CFAD781AAE8A9C00CFE40B /* Table viewsTests */ = {
			isa = PBXNativeTarget;
			buildConfigurationList = 62CFAD861AAE8A9C00CFE40B /* Build configuration list for PBXNativeTarget "Table viewsTests" */;
			buildPhases = (
				62CFAD751AAE8A9C00CFE40B /* Sources */,
				62CFAD761AAE8A9C00CFE40B /* Frameworks */,
				62CFAD771AAE8A9C00CFE40B /* Resources */,
			);
			buildRules = (
			);
			dependencies = (
				62CFAD7B1AAE8A9C00CFE40B /* PBXTargetDependency */,
			);
			name = "Table viewsTests";
			productName = "Table viewsTests";
			productReference = 62CFAD791AAE8A9C00CFE40B /* Table viewsTests.xctest */;
			productType = "com.apple.product-type.bundle.unit-test";
		};
/* End PBXNativeTarget section */

/* Begin PBXProject section */
		62CFAD5C1AAE8A9C00CFE40B /* Project object */ = {
			isa = PBXProject;
			attributes = {
				LastUpgradeCheck = 0610;
				ORGANIZATIONNAME = "Chanki Nathani";
				TargetAttributes = {
					62CFAD631AAE8A9C00CFE40B = {
						CreatedOnToolsVersion = 6.1.1;
					};
					62CFAD781AAE8A9C00CFE40B = {
						CreatedOnToolsVersion = 6.1.1;
						TestTargetID = 62CFAD631AAE8A9C00CFE40B;
					};
				};
			};
			buildConfigurationList = 62CFAD5F1AAE8A9C00CFE40B /* Build configuration list for PBXProject "Table views" */;
			compatibilityVersion = "Xcode 3.2";
			developmentRegion = English;
			hasScannedForEncodings = 0;
			knownRegions = (
				en,
				Base,
			);
			mainGroup = 62CFAD5B1AAE8A9C00CFE40B;
			productRefGroup = 62CFAD651AAE8A9C00CFE40B /* Products */;
			projectDirPath = "";
			projectRoot = "";
			targets = (
				62CFAD631AAE8A9C00CFE40B /* Table views */,
				62CFAD781AAE8A9C00CFE40B /* Table viewsTests */,
			);
		};
/* End PBXProject section */

/* Begin PBXResourcesBuildPhase section */
		62CFAD621AAE8A9C00CFE40B /* Resources */ = {
			isa = PBXResourcesBuildPhase;
			buildActionMask = 2147483647;
			files = (
				62CFAD6F1AAE8A9C00CFE40B /* Main.storyboard in Resources */,
				62CFAD741AAE8A9C00CFE40B /* LaunchScreen.xib in Resources */,
				62CFAD711AAE8A9C00CFE40B /* Images.xcassets in Resources */,
			);
			runOnlyForDeploymentPostprocessing = 0;
		};
		62CFAD771AAE8A9C00CFE40B /* Resources */ = {
			isa = PBXResourcesBuildPhase;
			buildActionMask = 2147483647;
			files = (
			);
			runOnlyForDeploymentPostprocessing = 0;
		};
/* End PBXResourcesBuildPhase section */

/* Begin PBXSourcesBuildPhase section */
		62CFAD601AAE8A9C00CFE40B /* Sources */ = {
			isa = PBXSourcesBuildPhase;
			buildActionMask = 2147483647;
			files = (
				62CFAD6C1AAE8A9C00CFE40B /* ViewController.swift in Sources */,
				62CFAD6A1AAE8A9C00CFE40B /* AppDelegate.swift in Sources */,
			);
			runOnlyForDeploymentPostprocessing = 0;
		};
		62CFAD751AAE8A9C00CFE40B /* Sources */ = {
			isa = PBXSourcesBuildPhase;
			buildActionMask = 2147483647;
			files = (
				62CFAD801AAE8A9C00CFE40B /* Table_viewsTests.swift in Sources */,
			);
			runOnlyForDeploymentPostprocessing = 0;
		};
/* End PBXSourcesBuildPhase section */

/* Begin PBXTargetDependency section */
		62CFAD7B1AAE8A9C00CFE40B /* PBXTargetDependency */ = {
			isa = PBXTargetDependency;
			target = 62CFAD631AAE8A9C00CFE40B /* Table views */;
			targetProxy = 62CFAD7A1AAE8A9C00CFE40B /* PBXContainerItemProxy */;
		};
/* End PBXTargetDependency section */

/* Begin PBXVariantGroup section */
		62CFAD6D1AAE8A9C00CFE40B /* Main.storyboard */ = {
			isa = PBXVariantGroup;
			children = (
				62CFAD6E1AAE8A9C00CFE40B /* Base */,
			);
			name = Main.storyboard;
			sourceTree = "<group>";
		};
		62CFAD721AAE8A9C00CFE40B /* LaunchScreen.xib */ = {
			isa = PBXVariantGroup;
			children = (
				62CFAD731AAE8A9C00CFE40B /* Base */,
			);
			name = LaunchScreen.xib;
			sourceTree = "<group>";
		};
/* End PBXVariantGroup section */

/* Begin XCBuildConfiguration section */
		62CFAD811AAE8A9C00CFE40B /* Debug */ = {
			isa = XCBuildConfiguration;
			buildSettings = {
				ALWAYS_SEARCH_USER_PATHS = NO;
				CLANG_CXX_LANGUAGE_STANDARD = "gnu++0x";
				CLANG_CXX_LIBRARY = "libc++";
				CLANG_ENABLE_MODULES = YES;
				CLANG_ENABLE_OBJC_ARC = YES;
				CLANG_WARN_BOOL_CONVERSION = YES;
				CLANG_WARN_CONSTANT_CONVERSION = YES;
				CLANG_WARN_DIRECT_OBJC_ISA_USAGE = YES_ERROR;
				CLANG_WARN_EMPTY_BODY = YES;
				CLANG_WARN_ENUM_CONVERSION = YES;
				CLANG_WARN_INT_CONVERSION = YES;
				CLANG_WARN_OBJC_ROOT_CLASS = YES_ERROR;
				CLANG_WARN_UNREACHABLE_CODE = YES;
				CLANG_WARN__DUPLICATE_METHOD_MATCH = YES;
				"CODE_SIGN_IDENTITY[sdk=iphoneos*]" = "iPhone Developer";
				COPY_PHASE_STRIP = NO;
				ENABLE_STRICT_OBJC_MSGSEND = YES;
				GCC_C_LANGUAGE_STANDARD = gnu99;
				GCC_DYNAMIC_NO_PIC = NO;
				GCC_OPTIMIZATION_LEVEL = 0;
				GCC_PREPROCESSOR_DEFINITIONS = (
					"DEBUG=1",
					"$(inherited)",
				);
				GCC_SYMBOLS_PRIVATE_EXTERN = NO;
				GCC_WARN_64_TO_32_BIT_CONVERSION = YES;
				GCC_WARN_ABOUT_RETURN_TYPE = YES_ERROR;
				GCC_WARN_UNDECLARED_SELECTOR = YES;
				GCC_WARN_UNINITIALIZED_AUTOS = YES_AGGRESSIVE;
				GCC_WARN_UNUSED_FUNCTION = YES;
				GCC_WARN_UNUSED_VARIABLE = YES;
				IPHONEOS_DEPLOYMENT_TARGET = 8.1;
				MTL_ENABLE_DEBUG_INFO = YES;
				ONLY_ACTIVE_ARCH = YES;
				SDKROOT = iphoneos;
				SWIFT_OPTIMIZATION_LEVEL = "-Onone";
			};
			name = Debug;
		};
		62CFAD821AAE8A9C00CFE40B /* Release */ = {
			isa = XCBuildConfiguration;
			buildSettings = {
				ALWAYS_SEARCH_USER_PATHS = NO;
				CLANG_CXX_LANGUAGE_STANDARD = "gnu++0x";
				CLANG_CXX_LIBRARY = "libc++";
				CLANG_ENABLE_MODULES = YES;
				CLANG_ENABLE_OBJC_ARC = YES;
				CLANG_WARN_BOOL_CONVERSION = YES;
				CLANG_WARN_CONSTANT_CONVERSION = YES;
				CLANG_WARN_DIRECT_OBJC_ISA_USAGE = YES_ERROR;
				CLANG_WARN_EMPTY_BODY = YES;
				CLANG_WARN_ENUM_CONVERSION = YES;
				CLANG_WARN_INT_CONVERSION = YES;
				CLANG_WARN_OBJC_ROOT_CLASS = YES_ERROR;
				CLANG_WARN_UNREACHABLE_CODE = YES;
				CLANG_WARN__DUPLICATE_METHOD_MATCH = YES;
				"CODE_SIGN_IDENTITY[sdk=iphoneos*]" = "iPhone Developer";
				COPY_PHASE_STRIP = YES;
				ENABLE_NS_ASSERTIONS = NO;
				ENABLE_STRICT_OBJC_MSGSEND = YES;
				GCC_C_LANGUAGE_STANDARD = gnu99;
				GCC_WARN_64_TO_32_BIT_CONVERSION = YES;
				GCC_WARN_ABOUT_RETURN_TYPE = YES_ERROR;
				GCC_WARN_UNDECLARED_SELECTOR = YES;
				GCC_WARN_UNINITIALIZED_AUTOS = YES_AGGRESSIVE;
				GCC_WARN_UNUSED_FUNCTION = YES;
				GCC_WARN_UNUSED_VARIABLE = YES;
				IPHONEOS_DEPLOYMENT_TARGET = 8.1;
				MTL_ENABLE_DEBUG_INFO = NO;
				SDKROOT = iphoneos;
				VALIDATE_PRODUCT = YES;
			};
			name = Release;
		};
		62CFAD841AAE8A9C00CFE40B /* Debug */ = {
			isa = XCBuildConfiguration;
			buildSettings = {
				ASSETCATALOG_COMPILER_APPICON_NAME = AppIcon;
				INFOPLIST_FILE = "Table views/Info.plist";
				LD_RUNPATH_SEARCH_PATHS = "$(inherited) @executable_path/Frameworks";
				PRODUCT_NAME = "$(TARGET_NAME)";
			};
			name = Debug;
		};
		62CFAD851AAE8A9C00CFE40B /* Release */ = {
			isa = XCBuildConfiguration;
			buildSettings = {
				ASSETCATALOG_COMPILER_APPICON_NAME = AppIcon;
				INFOPLIST_FILE = "Table views/Info.plist";
				LD_RUNPATH_SEARCH_PATHS = "$(inherited) @executable_path/Frameworks";
				PRODUCT_NAME = "$(TARGET_NAME)";
			};
			name = Release;
		};
		62CFAD871AAE8A9C00CFE40B /* Debug */ = {
			isa = XCBuildConfiguration;
			buildSettings = {
				BUNDLE_LOADER = "$(TEST_HOST)";
				FRAMEWORK_SEARCH_PATHS = (
					"$(SDKROOT)/Developer/Library/Frameworks",
					"$(inherited)",
				);
				GCC_PREPROCESSOR_DEFINITIONS = (
					"DEBUG=1",
					"$(inherited)",
				);
				INFOPLIST_FILE = "Table viewsTests/Info.plist";
				LD_RUNPATH_SEARCH_PATHS = "$(inherited) @executable_path/Frameworks @loader_path/Frameworks";
				PRODUCT_NAME = "$(TARGET_NAME)";
				TEST_HOST = "$(BUILT_PRODUCTS_DIR)/Table views.app/Table views";
			};
			name = Debug;
		};
		62CFAD881AAE8A9C00CFE40B /* Release */ = {
			isa = XCBuildConfiguration;
			buildSettings = {
				BUNDLE_LOADER = "$(TEST_HOST)";
				FRAMEWORK_SEARCH_PATHS = (
					"$(SDKROOT)/Developer/Library/Frameworks",
					"$(inherited)",
				);
				INFOPLIST_FILE = "Table viewsTests/Info.plist";
				LD_RUNPATH_SEARCH_PATHS = "$(inherited) @executable_path/Frameworks @loader_path/Frameworks";
				PRODUCT_NAME = "$(TARGET_NAME)";
				TEST_HOST = "$(BUILT_PRODUCTS_DIR)/Table views.app/Table views";
			};
			name = Release;
		};
/* End XCBuildConfiguration section */

/* Begin XCConfigurationList section */
		62CFAD5F1AAE8A9C00CFE40B /* Build configuration list for PBXProject "Table views" */ = {
			isa = XCConfigurationList;
			buildConfigurations = (
				62CFAD811AAE8A9C00CFE40B /* Debug */,
				62CFAD821AAE8A9C00CFE40B /* Release */,
			);
			defaultConfigurationIsVisible = 0;
			defaultConfigurationName = Release;
		};
		62CFAD831AAE8A9C00CFE40B /* Build configuration list for PBXNativeTarget "Table views" */ = {
			isa = XCConfigurationList;
			buildConfigurations = (
				62CFAD841AAE8A9C00CFE40B /* Debug */,
				62CFAD851AAE8A9C00CFE40B /* Release */,
			);
			defaultConfigurationIsVisible = 0;
		};
		62CFAD861AAE8A9C00CFE40B /* Build configuration list for PBXNativeTarget "Table viewsTests" */ = {
			isa = XCConfigurationList;
			buildConfigurations = (
				62CFAD871AAE8A9C00CFE40B /* Debug */,
				62CFAD881AAE8A9C00CFE40B /* Release */,
			);
			defaultConfigurationIsVisible = 0;
		};
/* End XCConfigurationList section */
	};
	rootObject = 62CFAD5C1AAE8A9C00CFE40B /* Project object */;
}
